
Microsoft Visual Studio Solution File, Format Version 12.00
# Visual Studio Version 17
VisualStudioVersion = 17.9.34714.143
MinimumVisualStudioVersion = 10.0.40219.1
Project("{FAE04EC0-301F-11D3-BF4B-00C04F79EFBC}") = "coreCicdtest", "coreCicdtest\coreCicdtest.csproj", "{02ABF1D8-C837-4A6A-98B0-81685A734ED7}"
EndProject
Global
	GlobalSection(SolutionConfigurationPlatforms) = preSolution
		Debug|Any CPU = Debug|Any CPU
		Release|Any CPU = Release|Any CPU
	EndGlobalSection
	GlobalSection(ProjectConfigurationPlatforms) = postSolution
		{02ABF1D8-C837-4A6A-98B0-81685A734ED7}.Debug|Any CPU.ActiveCfg = Debug|Any CPU
		{02ABF1D8-C837-4A6A-98B0-81685A734ED7}.Debug|Any CPU.Build.0 = Debug|Any CPU
		{02ABF1D8-C837-4A6A-98B0-81685A734ED7}.Release|Any CPU.ActiveCfg = Release|Any CPU
		{02ABF1D8-C837-4A6A-98B0-81685A734ED7}.Release|Any CPU.Build.0 = Release|Any CPU
	EndGlobalSection
	GlobalSection(SolutionProperties) = preSolution
		HideSolutionNode = FALSE
	EndGlobalSection
	GlobalSection(ExtensibilityGlobals) = postSolution
		SolutionGuid = {E83D6E97-F923-4465-9DF5-A723D38A3AD0}
	EndGlobalSection
EndGlobal
